
Microsoft Visual Studio Solution File, Format Version 12.00
# Visual Studio Version 16
VisualStudioVersion = 16.0.30330.147
MinimumVisualStudioVersion = 10.0.40219.1
Project("{FAE04EC0-301F-11D3-BF4B-00C04F79EFBC}") = "tp-winform-Majdalani-Cacchione", "tp-winform-Majdalani-Cacchione\tp-winform-Majdalani-Cacchione.csproj", "{7AF51315-0776-47A6-9585-99E8A092C8C5}"
EndProject
Project("{FAE04EC0-301F-11D3-BF4B-00C04F79EFBC}") = "Dominio", "Dominio\Dominio.csproj", "{32967938-09C9-4D46-9752-AF62DAEF54C9}"
EndProject
Project("{FAE04EC0-301F-11D3-BF4B-00C04F79EFBC}") = "Negocio", "Negocio\Negocio.csproj", "{95D02F53-08B3-4B09-80D4-DA421D4AA53C}"
EndProject
Project("{FAE04EC0-301F-11D3-BF4B-00C04F79EFBC}") = "WebForm_AndresCacchione_MajdalaniJeronimo", "WebForm_AndresCacchione_MajdalaniJeronimo\WebForm_AndresCacchione_MajdalaniJeronimo.csproj", "{ECC01070-9910-43C6-90F7-DD1AC41A80C9}"
EndProject
Global
	GlobalSection(SolutionConfigurationPlatforms) = preSolution
		Debug|Any CPU = Debug|Any CPU
		Release|Any CPU = Release|Any CPU
	EndGlobalSection
	GlobalSection(ProjectConfigurationPlatforms) = postSolution
		{7AF51315-0776-47A6-9585-99E8A092C8C5}.Debug|Any CPU.ActiveCfg = Debug|Any CPU
		{7AF51315-0776-47A6-9585-99E8A092C8C5}.Debug|Any CPU.Build.0 = Debug|Any CPU
		{7AF51315-0776-47A6-9585-99E8A092C8C5}.Release|Any CPU.ActiveCfg = Release|Any CPU
		{7AF51315-0776-47A6-9585-99E8A092C8C5}.Release|Any CPU.Build.0 = Release|Any CPU
		{32967938-09C9-4D46-9752-AF62DAEF54C9}.Debug|Any CPU.ActiveCfg = Debug|Any CPU
		{32967938-09C9-4D46-9752-AF62DAEF54C9}.Debug|Any CPU.Build.0 = Debug|Any CPU
		{32967938-09C9-4D46-9752-AF62DAEF54C9}.Release|Any CPU.ActiveCfg = Release|Any CPU
		{32967938-09C9-4D46-9752-AF62DAEF54C9}.Release|Any CPU.Build.0 = Release|Any CPU
		{95D02F53-08B3-4B09-80D4-DA421D4AA53C}.Debug|Any CPU.ActiveCfg = Debug|Any CPU
		{95D02F53-08B3-4B09-80D4-DA421D4AA53C}.Debug|Any CPU.Build.0 = Debug|Any CPU
		{95D02F53-08B3-4B09-80D4-DA421D4AA53C}.Release|Any CPU.ActiveCfg = Release|Any CPU
		{95D02F53-08B3-4B09-80D4-DA421D4AA53C}.Release|Any CPU.Build.0 = Release|Any CPU
		{ECC01070-9910-43C6-90F7-DD1AC41A80C9}.Debug|Any CPU.ActiveCfg = Debug|Any CPU
		{ECC01070-9910-43C6-90F7-DD1AC41A80C9}.Debug|Any CPU.Build.0 = Debug|Any CPU
		{ECC01070-9910-43C6-90F7-DD1AC41A80C9}.Release|Any CPU.ActiveCfg = Release|Any CPU
		{ECC01070-9910-43C6-90F7-DD1AC41A80C9}.Release|Any CPU.Build.0 = Release|Any CPU
	EndGlobalSection
	GlobalSection(SolutionProperties) = preSolution
		HideSolutionNode = FALSE
	EndGlobalSection
	GlobalSection(ExtensibilityGlobals) = postSolution
		SolutionGuid = {A64187A1-346B-460C-95E2-F8C001E59584}
	EndGlobalSection
EndGlobal
